{
  "version": 1,
  "dependencies": {
    "net8.0": {
      "AngleSharp": {
        "type": "Direct",
        "requested": "[1.3.0, )",
        "resolved": "1.3.0",
        "contentHash": "iHzfn4cK6CmhuURNdEpmSQCq5/HZFldEpkbnmqT9My8+6l2Sz3F+NxoqRA8z/jTkWB+SAu5boRdp4v/WtyjuIQ=="
      },
      "Markdig": {
        "type": "Direct",
        "requested": "[0.42.0, )",
        "resolved": "0.42.0",
        "contentHash": "tINdftVfbTujqfPXrQOSl9/6XCS2Y4Zwz+i7UPBgxRNnDtI1CjyQ5UA/5sKoSOmfECyWkTztY/vbcc/u1DA8nA=="
      },
      "Microsoft.JavaScript.NodeApi.Generator": {
        "type": "Direct",
        "requested": "[0.9.15, )",
        "resolved": "0.9.15",
        "contentHash": "v3aMj7xb5zeNDMGl12ri1lPMnD+5IVovnnRbxzLwTloH6njSdhGA6m09yQ4YzSxElvEugzD2DIRNf2WyLf1BPg==",
        "dependencies": {
          "Microsoft.CodeAnalysis.Analyzers": "3.3.4",
          "Microsoft.CodeAnalysis.CSharp": "4.1.0",
          "System.Reflection.MetadataLoadContext": "6.0.0"
        }
      },
      "Microsoft.CodeAnalysis.Analyzers": {
        "type": "Transitive",
        "resolved": "3.3.4",
        "contentHash": "AxkxcPR+rheX0SmvpLVIGLhOUXAKG56a64kV9VQZ4y9gR9ZmPXnqZvHJnmwLSwzrEP6junUF11vuc+aqo5r68g=="
      },
      "Microsoft.CodeAnalysis.Common": {
        "type": "Transitive",
        "resolved": "4.1.0",
        "contentHash": "bNzTyxP3iD5FPFHfVDl15Y6/wSoI7e3MeV0lOaj9igbIKTjgrmuw6LoVJ06jUNFA7+KaDC/OIsStWl/FQJz6sQ==",
        "dependencies": {
          "Microsoft.CodeAnalysis.Analyzers": "3.3.3",
          "System.Collections.Immutable": "5.0.0",
          "System.Memory": "4.5.4",
          "System.Reflection.Metadata": "5.0.0",
          "System.Runtime.CompilerServices.Unsafe": "5.0.0",
          "System.Text.Encoding.CodePages": "4.5.1",
          "System.Threading.Tasks.Extensions": "4.5.4"
        }
      },
      "Microsoft.CodeAnalysis.CSharp": {
        "type": "Transitive",
        "resolved": "4.1.0",
        "contentHash": "sbu6kDGzo9bfQxuqWpeEE7I9P30bSuZEnpDz9/qz20OU6pm79Z63+/BsAzO2e/R/Q97kBrpj647wokZnEVr97w==",
        "dependencies": {
          "Microsoft.CodeAnalysis.Common": "[4.1.0]"
        }
      },
      "Microsoft.NETCore.Platforms": {
        "type": "Transitive",
        "resolved": "2.1.2",
        "contentHash": "mOJy3M0UN+LUG21dLGMxaWZEP6xYpQEpLuvuEQBaownaX4YuhH6NmNUlN9si+vNkAS6dwJ//N1O4DmLf2CikVg=="
      },
      "System.Collections.Immutable": {
        "type": "Transitive",
        "resolved": "6.0.0",
        "contentHash": "l4zZJ1WU2hqpQQHXz1rvC3etVZN+2DLmQMO79FhOTZHMn8tDRr+WU287sbomD0BETlmKDn0ygUgVy9k5xkkJdA==",
        "dependencies": {
          "System.Runtime.CompilerServices.Unsafe": "6.0.0"
        }
      },
      "System.Memory": {
        "type": "Transitive",
        "resolved": "4.5.4",
        "contentHash": "1MbJTHS1lZ4bS4FmsJjnuGJOu88ZzTT2rLvrhW7Ygic+pC0NWA+3hgAen0HRdsocuQXCkUTdFn9yHJJhsijDXw=="
      },
      "System.Reflection.Metadata": {
        "type": "Transitive",
        "resolved": "6.0.0",
        "contentHash": "sffDOcex1C3HO5kDolOYcWXTwRpZY/LvJujM6SMjn63fWMJWchYAAmkoAJXlbpZ5yf4d+KMgxd+LeETa4gD9sQ==",
        "dependencies": {
          "System.Collections.Immutable": "6.0.0"
        }
      },
      "System.Reflection.MetadataLoadContext": {
        "type": "Transitive",
        "resolved": "6.0.0",
        "contentHash": "SuK8qTHbmG3PToLo1TEq8YSfY31FiKhASBmjozUTAleDgiX4H2X4jm0VPFb+K2soSSmYPyHTpHp35TctfNtDzQ==",
        "dependencies": {
          "System.Collections.Immutable": "6.0.0",
          "System.Reflection.Metadata": "6.0.0"
        }
      },
      "System.Runtime.CompilerServices.Unsafe": {
        "type": "Transitive",
        "resolved": "6.0.0",
        "contentHash": "/iUeP3tq1S0XdNNoMz5C9twLSrM/TH+qElHkXWaPvuNOt+99G75NrV0OS2EqHx5wMN7popYjpc8oTjC1y16DLg=="
      },
      "System.Text.Encoding.CodePages": {
        "type": "Transitive",
        "resolved": "4.5.1",
        "contentHash": "4J2JQXbftjPMppIHJ7IC+VXQ9XfEagN92vZZNoG12i+zReYlim5dMoXFC1Zzg7tsnKDM7JPo5bYfFK4Jheq44w==",
        "dependencies": {
          "Microsoft.NETCore.Platforms": "2.1.2",
          "System.Runtime.CompilerServices.Unsafe": "4.5.2"
        }
      },
      "System.Threading.Tasks.Extensions": {
        "type": "Transitive",
        "resolved": "4.5.4",
        "contentHash": "zteT+G8xuGu6mS+mzDzYXbzS7rd3K6Fjb9RiZlYlJPam2/hU7JCBZBVEcywNuR+oZ1ncTvc/cq0faRr3P01OVg=="
      }
    }
  }
}